
Microsoft Visual Studio Solution File, Format Version 12.00
# Visual Studio Version 17
VisualStudioVersion = 17.9.34607.119
MinimumVisualStudioVersion = 10.0.40219.1
Project("{9A19103F-16F7-4668-BE54-9A1E7A4F7556}") = "TBA_SMS.Server", "TBA_SMS.Server\TBA_SMS.Server.csproj", "{111F0AF8-11A8-410D-892A-DE1969186621}"
EndProject
Project("{54A90642-561A-4BB1-A94E-469ADEE60C69}") = "tba_sms.client", "tba_sms.client\tba_sms.client.esproj", "{51DF9FC2-6A8F-48C4-915E-C74340B619A1}"
EndProject
Project("{FAE04EC0-301F-11D3-BF4B-00C04F79EFBC}") = "TBA_SMS.core", "TBA_SMS.core\TBA_SMS.core.csproj", "{B99348A1-2178-45CF-B6E9-FF183CD4E586}"
EndProject
Global
	GlobalSection(SolutionConfigurationPlatforms) = preSolution
		Debug|Any CPU = Debug|Any CPU
		Release|Any CPU = Release|Any CPU
	EndGlobalSection
	GlobalSection(ProjectConfigurationPlatforms) = postSolution
		{111F0AF8-11A8-410D-892A-DE1969186621}.Debug|Any CPU.ActiveCfg = Debug|Any CPU
		{111F0AF8-11A8-410D-892A-DE1969186621}.Debug|Any CPU.Build.0 = Debug|Any CPU
		{111F0AF8-11A8-410D-892A-DE1969186621}.Release|Any CPU.ActiveCfg = Release|Any CPU
		{111F0AF8-11A8-410D-892A-DE1969186621}.Release|Any CPU.Build.0 = Release|Any CPU
		{51DF9FC2-6A8F-48C4-915E-C74340B619A1}.Debug|Any CPU.ActiveCfg = Debug|Any CPU
		{51DF9FC2-6A8F-48C4-915E-C74340B619A1}.Debug|Any CPU.Build.0 = Debug|Any CPU
		{51DF9FC2-6A8F-48C4-915E-C74340B619A1}.Debug|Any CPU.Deploy.0 = Debug|Any CPU
		{51DF9FC2-6A8F-48C4-915E-C74340B619A1}.Release|Any CPU.ActiveCfg = Release|Any CPU
		{51DF9FC2-6A8F-48C4-915E-C74340B619A1}.Release|Any CPU.Build.0 = Release|Any CPU
		{51DF9FC2-6A8F-48C4-915E-C74340B619A1}.Release|Any CPU.Deploy.0 = Release|Any CPU
		{B99348A1-2178-45CF-B6E9-FF183CD4E586}.Debug|Any CPU.ActiveCfg = Debug|Any CPU
		{B99348A1-2178-45CF-B6E9-FF183CD4E586}.Debug|Any CPU.Build.0 = Debug|Any CPU
		{B99348A1-2178-45CF-B6E9-FF183CD4E586}.Release|Any CPU.ActiveCfg = Release|Any CPU
		{B99348A1-2178-45CF-B6E9-FF183CD4E586}.Release|Any CPU.Build.0 = Release|Any CPU
	EndGlobalSection
	GlobalSection(SolutionProperties) = preSolution
		HideSolutionNode = FALSE
	EndGlobalSection
	GlobalSection(ExtensibilityGlobals) = postSolution
		SolutionGuid = {3DB30ECE-578C-4BE6-83FF-F0DFF32C4C62}
	EndGlobalSection
EndGlobal
